
Microsoft Visual Studio Solution File, Format Version 12.00
# Visual Studio Version 16
VisualStudioVersion = 16.0.31205.134
MinimumVisualStudioVersion = 10.0.40219.1
Project("{FAE04EC0-301F-11D3-BF4B-00C04F79EFBC}") = "Tp5.UI", "Tp5.UI\Tp5.UI.csproj", "{3DFCC6C7-5618-4A65-9901-44A9072A79DA}"
EndProject
Project("{FAE04EC0-301F-11D3-BF4B-00C04F79EFBC}") = "Tp5.Domain", "Domain\Tp5.Domain.csproj", "{93CDF48B-1F7F-4C42-A90D-63DE21A31B4D}"
EndProject
Project("{FAE04EC0-301F-11D3-BF4B-00C04F79EFBC}") = "Tp5.AccesData", "Tp5.AccesData\Tp5.AccesData.csproj", "{D28FAC3E-62CD-4732-B607-4CE21950C053}"
EndProject
Project("{FAE04EC0-301F-11D3-BF4B-00C04F79EFBC}") = "Tp5.Service", "Tp5.Service\Tp5.Service.csproj", "{425FFA1A-9E76-45E3-80EF-2304F4929F22}"
EndProject
Project("{FAE04EC0-301F-11D3-BF4B-00C04F79EFBC}") = "Tp5.Test", "Tp5.Test\Tp5.Test.csproj", "{DA579834-60FE-40EE-8A27-6307AED74DC4}"
EndProject
Global
	GlobalSection(SolutionConfigurationPlatforms) = preSolution
		Debug|Any CPU = Debug|Any CPU
		Release|Any CPU = Release|Any CPU
	EndGlobalSection
	GlobalSection(ProjectConfigurationPlatforms) = postSolution
		{3DFCC6C7-5618-4A65-9901-44A9072A79DA}.Debug|Any CPU.ActiveCfg = Debug|Any CPU
		{3DFCC6C7-5618-4A65-9901-44A9072A79DA}.Debug|Any CPU.Build.0 = Debug|Any CPU
		{3DFCC6C7-5618-4A65-9901-44A9072A79DA}.Release|Any CPU.ActiveCfg = Release|Any CPU
		{3DFCC6C7-5618-4A65-9901-44A9072A79DA}.Release|Any CPU.Build.0 = Release|Any CPU
		{93CDF48B-1F7F-4C42-A90D-63DE21A31B4D}.Debug|Any CPU.ActiveCfg = Debug|Any CPU
		{93CDF48B-1F7F-4C42-A90D-63DE21A31B4D}.Debug|Any CPU.Build.0 = Debug|Any CPU
		{93CDF48B-1F7F-4C42-A90D-63DE21A31B4D}.Release|Any CPU.ActiveCfg = Release|Any CPU
		{93CDF48B-1F7F-4C42-A90D-63DE21A31B4D}.Release|Any CPU.Build.0 = Release|Any CPU
		{D28FAC3E-62CD-4732-B607-4CE21950C053}.Debug|Any CPU.ActiveCfg = Debug|Any CPU
		{D28FAC3E-62CD-4732-B607-4CE21950C053}.Debug|Any CPU.Build.0 = Debug|Any CPU
		{D28FAC3E-62CD-4732-B607-4CE21950C053}.Release|Any CPU.ActiveCfg = Release|Any CPU
		{D28FAC3E-62CD-4732-B607-4CE21950C053}.Release|Any CPU.Build.0 = Release|Any CPU
		{425FFA1A-9E76-45E3-80EF-2304F4929F22}.Debug|Any CPU.ActiveCfg = Debug|Any CPU
		{425FFA1A-9E76-45E3-80EF-2304F4929F22}.Debug|Any CPU.Build.0 = Debug|Any CPU
		{425FFA1A-9E76-45E3-80EF-2304F4929F22}.Release|Any CPU.ActiveCfg = Release|Any CPU
		{425FFA1A-9E76-45E3-80EF-2304F4929F22}.Release|Any CPU.Build.0 = Release|Any CPU
		{DA579834-60FE-40EE-8A27-6307AED74DC4}.Debug|Any CPU.ActiveCfg = Debug|Any CPU
		{DA579834-60FE-40EE-8A27-6307AED74DC4}.Debug|Any CPU.Build.0 = Debug|Any CPU
		{DA579834-60FE-40EE-8A27-6307AED74DC4}.Release|Any CPU.ActiveCfg = Release|Any CPU
		{DA579834-60FE-40EE-8A27-6307AED74DC4}.Release|Any CPU.Build.0 = Release|Any CPU
	EndGlobalSection
	GlobalSection(SolutionProperties) = preSolution
		HideSolutionNode = FALSE
	EndGlobalSection
	GlobalSection(ExtensibilityGlobals) = postSolution
		SolutionGuid = {C5A04869-BDC8-44D6-8EE5-653FA3CB0A80}
	EndGlobalSection
EndGlobal
